
Microsoft Visual Studio Solution File, Format Version 12.00
# Visual Studio Version 17
VisualStudioVersion = 17.11.35327.3
MinimumVisualStudioVersion = 10.0.40219.1
Project("{FAE04EC0-301F-11D3-BF4B-00C04F79EFBC}") = "practicum27 task 3", "practicum27 task 3.csproj", "{732D3940-222F-41F1-AB9F-1932CE32E8F1}"
EndProject
Global
	GlobalSection(SolutionConfigurationPlatforms) = preSolution
		Debug|Any CPU = Debug|Any CPU
		Release|Any CPU = Release|Any CPU
	EndGlobalSection
	GlobalSection(ProjectConfigurationPlatforms) = postSolution
		{732D3940-222F-41F1-AB9F-1932CE32E8F1}.Debug|Any CPU.ActiveCfg = Debug|Any CPU
		{732D3940-222F-41F1-AB9F-1932CE32E8F1}.Debug|Any CPU.Build.0 = Debug|Any CPU
		{732D3940-222F-41F1-AB9F-1932CE32E8F1}.Release|Any CPU.ActiveCfg = Release|Any CPU
		{732D3940-222F-41F1-AB9F-1932CE32E8F1}.Release|Any CPU.Build.0 = Release|Any CPU
	EndGlobalSection
	GlobalSection(SolutionProperties) = preSolution
		HideSolutionNode = FALSE
	EndGlobalSection
	GlobalSection(ExtensibilityGlobals) = postSolution
		SolutionGuid = {8A7220C5-CDEE-451E-A751-4446D6E6EA34}
	EndGlobalSection
EndGlobal
